// !$*UTF8*$!
{
	archiveVersion = 1;
	classes = {
	};
	objectVersion = 56;
	objects = {

/* Begin PBXBuildFile section */
		091261182A0BE8CA007095F2 /* LoginView.swift in Sources */ = {isa = PBXBuildFile; fileRef = 091261172A0BE8CA007095F2 /* LoginView.swift */; };
		0912611B2A0C03A9007095F2 /* Kavoon-Regular.ttf in Resources */ = {isa = PBXBuildFile; fileRef = 0912611A2A0C03A9007095F2 /* Kavoon-Regular.ttf */; };
		0912611E2A0C0466007095F2 /* SelectSchools.swift in Sources */ = {isa = PBXBuildFile; fileRef = 0912611D2A0C0466007095F2 /* SelectSchools.swift */; };
		091261202A0C0765007095F2 /* InriaSerif-Regular.ttf in Resources */ = {isa = PBXBuildFile; fileRef = 0912611F2A0C0765007095F2 /* InriaSerif-Regular.ttf */; };
		091261252A0C088B007095F2 /* Inter-Regular.ttf in Resources */ = {isa = PBXBuildFile; fileRef = 091261212A0C088B007095F2 /* Inter-Regular.ttf */; };
		091261262A0C088B007095F2 /* Inter-SemiBold.ttf in Resources */ = {isa = PBXBuildFile; fileRef = 091261222A0C088B007095F2 /* Inter-SemiBold.ttf */; };
		091261272A0C088B007095F2 /* Inter-Bold.ttf in Resources */ = {isa = PBXBuildFile; fileRef = 091261232A0C088B007095F2 /* Inter-Bold.ttf */; };
		091261282A0C088B007095F2 /* Inter-Medium.ttf in Resources */ = {isa = PBXBuildFile; fileRef = 091261242A0C088B007095F2 /* Inter-Medium.ttf */; };
		0912612A2A0C1DB0007095F2 /* NewIView.swift in Sources */ = {isa = PBXBuildFile; fileRef = 091261292A0C1DB0007095F2 /* NewIView.swift */; };
		09185D1E2A0B3E700034280A /* UniUndergroundApp.swift in Sources */ = {isa = PBXBuildFile; fileRef = 09185D1D2A0B3E700034280A /* UniUndergroundApp.swift */; };
		09185D202A0B3E700034280A /* ContentView.swift in Sources */ = {isa = PBXBuildFile; fileRef = 09185D1F2A0B3E700034280A /* ContentView.swift */; };
		09185D222A0B3E710034280A /* Assets.xcassets in Resources */ = {isa = PBXBuildFile; fileRef = 09185D212A0B3E710034280A /* Assets.xcassets */; };
		09185D252A0B3E710034280A /* Preview Assets.xcassets in Resources */ = {isa = PBXBuildFile; fileRef = 09185D242A0B3E710034280A /* Preview Assets.xcassets */; };
		09185D2F2A0B3E710034280A /* UniUndergroundTests.swift in Sources */ = {isa = PBXBuildFile; fileRef = 09185D2E2A0B3E710034280A /* UniUndergroundTests.swift */; };
		09185D392A0B3E710034280A /* UniUndergroundUITests.swift in Sources */ = {isa = PBXBuildFile; fileRef = 09185D382A0B3E710034280A /* UniUndergroundUITests.swift */; };
		09185D3B2A0B3E710034280A /* UniUndergroundUITestsLaunchTests.swift in Sources */ = {isa = PBXBuildFile; fileRef = 09185D3A2A0B3E710034280A /* UniUndergroundUITestsLaunchTests.swift */; };
		09185D542A0BE00C0034280A /* FirebaseAnalytics in Frameworks */ = {isa = PBXBuildFile; productRef = 09185D532A0BE00C0034280A /* FirebaseAnalytics */; };
		09185D562A0BE00C0034280A /* FirebaseAnalyticsSwift in Frameworks */ = {isa = PBXBuildFile; productRef = 09185D552A0BE00C0034280A /* FirebaseAnalyticsSwift */; };
		09185D582A0BE00C0034280A /* FirebaseAuth in Frameworks */ = {isa = PBXBuildFile; productRef = 09185D572A0BE00C0034280A /* FirebaseAuth */; };
		09185D5A2A0BE00C0034280A /* FirebaseDatabase in Frameworks */ = {isa = PBXBuildFile; productRef = 09185D592A0BE00C0034280A /* FirebaseDatabase */; };
		09185D5C2A0BE00C0034280A /* FirebaseDatabaseSwift in Frameworks */ = {isa = PBXBuildFile; productRef = 09185D5B2A0BE00C0034280A /* FirebaseDatabaseSwift */; };
		09185D5E2A0BE00C0034280A /* FirebaseFirestore in Frameworks */ = {isa = PBXBuildFile; productRef = 09185D5D2A0BE00C0034280A /* FirebaseFirestore */; };
		09185D602A0BE00C0034280A /* FirebaseFirestoreSwift in Frameworks */ = {isa = PBXBuildFile; productRef = 09185D5F2A0BE00C0034280A /* FirebaseFirestoreSwift */; };
		09185D622A0BE00C0034280A /* FirebaseStorage in Frameworks */ = {isa = PBXBuildFile; productRef = 09185D612A0BE00C0034280A /* FirebaseStorage */; };
		092FBCFC2A0DCC74000A31EE /* FirebaseManager.swift in Sources */ = {isa = PBXBuildFile; fileRef = 092FBCFB2A0DCC74000A31EE /* FirebaseManager.swift */; };
		092FBCFE2A0DCCB2000A31EE /* LoginViewModel.swift in Sources */ = {isa = PBXBuildFile; fileRef = 092FBCFD2A0DCCB2000A31EE /* LoginViewModel.swift */; };
		092FBD002A0DDFAF000A31EE /* SchoolViewModel.swift in Sources */ = {isa = PBXBuildFile; fileRef = 092FBCFF2A0DDFAF000A31EE /* SchoolViewModel.swift */; };
		092FBD022A0DE3E1000A31EE /* GoogleService-Info.plist in Resources */ = {isa = PBXBuildFile; fileRef = 092FBD012A0DE3E1000A31EE /* GoogleService-Info.plist */; };
		092FBD052A0DFC13000A31EE /* ColorExtension.swift in Sources */ = {isa = PBXBuildFile; fileRef = 092FBD042A0DFC13000A31EE /* ColorExtension.swift */; };
		092FBD082A0E03C6000A31EE /* ProfileViewModel.swift in Sources */ = {isa = PBXBuildFile; fileRef = 092FBD072A0E03C6000A31EE /* ProfileViewModel.swift */; };
		092FBD0A2A0E03D3000A31EE /* ProfileView.swift in Sources */ = {isa = PBXBuildFile; fileRef = 092FBD092A0E03D3000A31EE /* ProfileView.swift */; };
		092FBD0D2A0E11D2000A31EE /* AppStateView.swift in Sources */ = {isa = PBXBuildFile; fileRef = 092FBD0C2A0E11D2000A31EE /* AppStateView.swift */; };
		092FBD0F2A0E11EB000A31EE /* AppStateViewModel.swift in Sources */ = {isa = PBXBuildFile; fileRef = 092FBD0E2A0E11EB000A31EE /* AppStateViewModel.swift */; };
		B97A05C42A0C38D900A82B1F /* CommunitiesLandingPage.swift in Sources */ = {isa = PBXBuildFile; fileRef = B97A05C32A0C38D900A82B1F /* CommunitiesLandingPage.swift */; };
		B97A05C62A0D1D8E00A82B1F /* CommunitiesHome.swift in Sources */ = {isa = PBXBuildFile; fileRef = B97A05C52A0D1D8E00A82B1F /* CommunitiesHome.swift */; };
		B97A05CA2A0D210100A82B1F /* Communities.swift in Sources */ = {isa = PBXBuildFile; fileRef = B97A05C92A0D210100A82B1F /* Communities.swift */; };
		B97A05CC2A0D221700A82B1F /* CommunitiesDetailView.swift in Sources */ = {isa = PBXBuildFile; fileRef = B97A05CB2A0D221700A82B1F /* CommunitiesDetailView.swift */; };
		B97A05CE2A0D27F200A82B1F /* AddCommunityView.swift in Sources */ = {isa = PBXBuildFile; fileRef = B97A05CD2A0D27F200A82B1F /* AddCommunityView.swift */; };
		B97A05D12A0D33E500A82B1F /* CommunitiesList.swift in Sources */ = {isa = PBXBuildFile; fileRef = B97A05D02A0D33E500A82B1F /* CommunitiesList.swift */; };
		B97A05D72A0D6A4D00A82B1F /* CommunitiesCommentList.swift in Sources */ = {isa = PBXBuildFile; fileRef = B97A05D62A0D6A4D00A82B1F /* CommunitiesCommentList.swift */; };
/* End PBXBuildFile section */

/* Begin PBXContainerItemProxy section */
		09185D2B2A0B3E710034280A /* PBXContainerItemProxy */ = {
			isa = PBXContainerItemProxy;
			containerPortal = 09185D122A0B3E700034280A /* Project object */;
			proxyType = 1;
			remoteGlobalIDString = 09185D192A0B3E700034280A;
			remoteInfo = UniUnderground;
		};
		09185D352A0B3E710034280A /* PBXContainerItemProxy */ = {
			isa = PBXContainerItemProxy;
			containerPortal = 09185D122A0B3E700034280A /* Project object */;
			proxyType = 1;
			remoteGlobalIDString = 09185D192A0B3E700034280A;
			remoteInfo = UniUnderground;
		};
/* End PBXContainerItemProxy section */

/* Begin PBXFileReference section */
		091261172A0BE8CA007095F2 /* LoginView.swift */ = {isa = PBXFileReference; lastKnownFileType = sourcecode.swift; path = LoginView.swift; sourceTree = "<group>"; };
		0912611A2A0C03A9007095F2 /* Kavoon-Regular.ttf */ = {isa = PBXFileReference; lastKnownFileType = file; path = "Kavoon-Regular.ttf"; sourceTree = "<group>"; };
		0912611D2A0C0466007095F2 /* SelectSchools.swift */ = {isa = PBXFileReference; lastKnownFileType = sourcecode.swift; path = SelectSchools.swift; sourceTree = "<group>"; };
		0912611F2A0C0765007095F2 /* InriaSerif-Regular.ttf */ = {isa = PBXFileReference; lastKnownFileType = file; path = "InriaSerif-Regular.ttf"; sourceTree = "<group>"; };
		091261212A0C088B007095F2 /* Inter-Regular.ttf */ = {isa = PBXFileReference; lastKnownFileType = file; path = "Inter-Regular.ttf"; sourceTree = "<group>"; };
		091261222A0C088B007095F2 /* Inter-SemiBold.ttf */ = {isa = PBXFileReference; lastKnownFileType = file; path = "Inter-SemiBold.ttf"; sourceTree = "<group>"; };
		091261232A0C088B007095F2 /* Inter-Bold.ttf */ = {isa = PBXFileReference; lastKnownFileType = file; path = "Inter-Bold.ttf"; sourceTree = "<group>"; };
		091261242A0C088B007095F2 /* Inter-Medium.ttf */ = {isa = PBXFileReference; lastKnownFileType = file; path = "Inter-Medium.ttf"; sourceTree = "<group>"; };
		091261292A0C1DB0007095F2 /* NewIView.swift */ = {isa = PBXFileReference; lastKnownFileType = sourcecode.swift; path = NewIView.swift; sourceTree = "<group>"; };
		09185D1A2A0B3E700034280A /* UniUnderground.app */ = {isa = PBXFileReference; explicitFileType = wrapper.application; includeInIndex = 0; path = UniUnderground.app; sourceTree = BUILT_PRODUCTS_DIR; };
		09185D1D2A0B3E700034280A /* UniUndergroundApp.swift */ = {isa = PBXFileReference; lastKnownFileType = sourcecode.swift; path = UniUndergroundApp.swift; sourceTree = "<group>"; };
		09185D1F2A0B3E700034280A /* ContentView.swift */ = {isa = PBXFileReference; lastKnownFileType = sourcecode.swift; path = ContentView.swift; sourceTree = "<group>"; };
		09185D212A0B3E710034280A /* Assets.xcassets */ = {isa = PBXFileReference; lastKnownFileType = folder.assetcatalog; path = Assets.xcassets; sourceTree = "<group>"; };
		09185D242A0B3E710034280A /* Preview Assets.xcassets */ = {isa = PBXFileReference; lastKnownFileType = folder.assetcatalog; path = "Preview Assets.xcassets"; sourceTree = "<group>"; };
		09185D2A2A0B3E710034280A /* UniUndergroundTests.xctest */ = {isa = PBXFileReference; explicitFileType = wrapper.cfbundle; includeInIndex = 0; path = UniUndergroundTests.xctest; sourceTree = BUILT_PRODUCTS_DIR; };
		09185D2E2A0B3E710034280A /* UniUndergroundTests.swift */ = {isa = PBXFileReference; lastKnownFileType = sourcecode.swift; path = UniUndergroundTests.swift; sourceTree = "<group>"; };
		09185D342A0B3E710034280A /* UniUndergroundUITests.xctest */ = {isa = PBXFileReference; explicitFileType = wrapper.cfbundle; includeInIndex = 0; path = UniUndergroundUITests.xctest; sourceTree = BUILT_PRODUCTS_DIR; };
		09185D382A0B3E710034280A /* UniUndergroundUITests.swift */ = {isa = PBXFileReference; lastKnownFileType = sourcecode.swift; path = UniUndergroundUITests.swift; sourceTree = "<group>"; };
		09185D3A2A0B3E710034280A /* UniUndergroundUITestsLaunchTests.swift */ = {isa = PBXFileReference; lastKnownFileType = sourcecode.swift; path = UniUndergroundUITestsLaunchTests.swift; sourceTree = "<group>"; };
		09185D632A0BE5CB0034280A /* Info.plist */ = {isa = PBXFileReference; lastKnownFileType = text.plist; path = Info.plist; sourceTree = "<group>"; };
		092FBCFB2A0DCC74000A31EE /* FirebaseManager.swift */ = {isa = PBXFileReference; lastKnownFileType = sourcecode.swift; path = FirebaseManager.swift; sourceTree = "<group>"; };
		092FBCFD2A0DCCB2000A31EE /* LoginViewModel.swift */ = {isa = PBXFileReference; lastKnownFileType = sourcecode.swift; path = LoginViewModel.swift; sourceTree = "<group>"; };
		092FBCFF2A0DDFAF000A31EE /* SchoolViewModel.swift */ = {isa = PBXFileReference; lastKnownFileType = sourcecode.swift; path = SchoolViewModel.swift; sourceTree = "<group>"; };
		092FBD012A0DE3E1000A31EE /* GoogleService-Info.plist */ = {isa = PBXFileReference; fileEncoding = 4; lastKnownFileType = text.plist.xml; path = "GoogleService-Info.plist"; sourceTree = "<group>"; };
		092FBD042A0DFC13000A31EE /* ColorExtension.swift */ = {isa = PBXFileReference; lastKnownFileType = sourcecode.swift; path = ColorExtension.swift; sourceTree = "<group>"; };
		092FBD072A0E03C6000A31EE /* ProfileViewModel.swift */ = {isa = PBXFileReference; lastKnownFileType = sourcecode.swift; path = ProfileViewModel.swift; sourceTree = "<group>"; };
		092FBD092A0E03D3000A31EE /* ProfileView.swift */ = {isa = PBXFileReference; lastKnownFileType = sourcecode.swift; path = ProfileView.swift; sourceTree = "<group>"; };
		092FBD0C2A0E11D2000A31EE /* AppStateView.swift */ = {isa = PBXFileReference; lastKnownFileType = sourcecode.swift; path = AppStateView.swift; sourceTree = "<group>"; };
		092FBD0E2A0E11EB000A31EE /* AppStateViewModel.swift */ = {isa = PBXFileReference; lastKnownFileType = sourcecode.swift; path = AppStateViewModel.swift; sourceTree = "<group>"; };
		B97A05C32A0C38D900A82B1F /* CommunitiesLandingPage.swift */ = {isa = PBXFileReference; lastKnownFileType = sourcecode.swift; path = CommunitiesLandingPage.swift; sourceTree = "<group>"; };
		B97A05C52A0D1D8E00A82B1F /* CommunitiesHome.swift */ = {isa = PBXFileReference; lastKnownFileType = sourcecode.swift; path = CommunitiesHome.swift; sourceTree = "<group>"; };
		B97A05C92A0D210100A82B1F /* Communities.swift */ = {isa = PBXFileReference; lastKnownFileType = sourcecode.swift; path = Communities.swift; sourceTree = "<group>"; };
		B97A05CB2A0D221700A82B1F /* CommunitiesDetailView.swift */ = {isa = PBXFileReference; lastKnownFileType = sourcecode.swift; path = CommunitiesDetailView.swift; sourceTree = "<group>"; };
		B97A05CD2A0D27F200A82B1F /* AddCommunityView.swift */ = {isa = PBXFileReference; lastKnownFileType = sourcecode.swift; path = AddCommunityView.swift; sourceTree = "<group>"; };
		B97A05CF2A0D332800A82B1F /* Community.geojson */ = {isa = PBXFileReference; lastKnownFileType = text; path = Community.geojson; sourceTree = "<group>"; };
		B97A05D02A0D33E500A82B1F /* CommunitiesList.swift */ = {isa = PBXFileReference; lastKnownFileType = sourcecode.swift; path = CommunitiesList.swift; sourceTree = "<group>"; };
		B97A05D62A0D6A4D00A82B1F /* CommunitiesCommentList.swift */ = {isa = PBXFileReference; lastKnownFileType = sourcecode.swift; path = CommunitiesCommentList.swift; sourceTree = "<group>"; };
/* End PBXFileReference section */

/* Begin PBXFrameworksBuildPhase section */
		09185D172A0B3E700034280A /* Frameworks */ = {
			isa = PBXFrameworksBuildPhase;
			buildActionMask = 2147483647;
			files = (
				09185D5C2A0BE00C0034280A /* FirebaseDatabaseSwift in Frameworks */,
				09185D562A0BE00C0034280A /* FirebaseAnalyticsSwift in Frameworks */,
				09185D582A0BE00C0034280A /* FirebaseAuth in Frameworks */,
				09185D602A0BE00C0034280A /* FirebaseFirestoreSwift in Frameworks */,
				09185D5A2A0BE00C0034280A /* FirebaseDatabase in Frameworks */,
				09185D622A0BE00C0034280A /* FirebaseStorage in Frameworks */,
				09185D542A0BE00C0034280A /* FirebaseAnalytics in Frameworks */,
				09185D5E2A0BE00C0034280A /* FirebaseFirestore in Frameworks */,
			);
			runOnlyForDeploymentPostprocessing = 0;
		};
		09185D272A0B3E710034280A /* Frameworks */ = {
			isa = PBXFrameworksBuildPhase;
			buildActionMask = 2147483647;
			files = (
			);
			runOnlyForDeploymentPostprocessing = 0;
		};
		09185D312A0B3E710034280A /* Frameworks */ = {
			isa = PBXFrameworksBuildPhase;
			buildActionMask = 2147483647;
			files = (
			);
			runOnlyForDeploymentPostprocessing = 0;
		};
/* End PBXFrameworksBuildPhase section */

/* Begin PBXGroup section */
		091261162A0BE8B9007095F2 /* Login */ = {
			isa = PBXGroup;
			children = (
				091261172A0BE8CA007095F2 /* LoginView.swift */,
				092FBCFD2A0DCCB2000A31EE /* LoginViewModel.swift */,
			);
			path = Login;
			sourceTree = "<group>";
		};
		091261192A0C0383007095F2 /* Font */ = {
			isa = PBXGroup;
			children = (
				0912611F2A0C0765007095F2 /* InriaSerif-Regular.ttf */,
				091261232A0C088B007095F2 /* Inter-Bold.ttf */,
				091261242A0C088B007095F2 /* Inter-Medium.ttf */,
				091261212A0C088B007095F2 /* Inter-Regular.ttf */,
				091261222A0C088B007095F2 /* Inter-SemiBold.ttf */,
				0912611A2A0C03A9007095F2 /* Kavoon-Regular.ttf */,
			);
			path = Font;
			sourceTree = "<group>";
		};
		0912611C2A0C044C007095F2 /* SelectSchool */ = {
			isa = PBXGroup;
			children = (
				0912611D2A0C0466007095F2 /* SelectSchools.swift */,
				091261292A0C1DB0007095F2 /* NewIView.swift */,
				092FBCFF2A0DDFAF000A31EE /* SchoolViewModel.swift */,
			);
			path = SelectSchool;
			sourceTree = "<group>";
		};
		09185D112A0B3E700034280A = {
			isa = PBXGroup;
			children = (
				09185D1C2A0B3E700034280A /* UniUnderground */,
				09185D2D2A0B3E710034280A /* UniUndergroundTests */,
				09185D372A0B3E710034280A /* UniUndergroundUITests */,
				09185D1B2A0B3E700034280A /* Products */,
			);
			sourceTree = "<group>";
		};
		09185D1B2A0B3E700034280A /* Products */ = {
			isa = PBXGroup;
			children = (
				09185D1A2A0B3E700034280A /* UniUnderground.app */,
				09185D2A2A0B3E710034280A /* UniUndergroundTests.xctest */,
				09185D342A0B3E710034280A /* UniUndergroundUITests.xctest */,
			);
			name = Products;
			sourceTree = "<group>";
		};
		09185D1C2A0B3E700034280A /* UniUnderground */ = {
			isa = PBXGroup;
			children = (
				092FBD0B2A0E11B8000A31EE /* AppManager */,
				092FBD062A0E03A4000A31EE /* Profile */,
				092FBD012A0DE3E1000A31EE /* GoogleService-Info.plist */,
				B97A05C72A0D200E00A82B1F /* Communites */,
				0912611C2A0C044C007095F2 /* SelectSchool */,
				091261192A0C0383007095F2 /* Font */,
				091261162A0BE8B9007095F2 /* Login */,
				09185D632A0BE5CB0034280A /* Info.plist */,
				09185D1D2A0B3E700034280A /* UniUndergroundApp.swift */,
				09185D1F2A0B3E700034280A /* ContentView.swift */,
				09185D212A0B3E710034280A /* Assets.xcassets */,
				09185D232A0B3E710034280A /* Preview Content */,
				092FBD042A0DFC13000A31EE /* ColorExtension.swift */,
			);
			path = UniUnderground;
			sourceTree = "<group>";
		};
		09185D232A0B3E710034280A /* Preview Content */ = {
			isa = PBXGroup;
			children = (
				09185D242A0B3E710034280A /* Preview Assets.xcassets */,
			);
			path = "Preview Content";
			sourceTree = "<group>";
		};
		09185D2D2A0B3E710034280A /* UniUndergroundTests */ = {
			isa = PBXGroup;
			children = (
				09185D2E2A0B3E710034280A /* UniUndergroundTests.swift */,
			);
			path = UniUndergroundTests;
			sourceTree = "<group>";
		};
		09185D372A0B3E710034280A /* UniUndergroundUITests */ = {
			isa = PBXGroup;
			children = (
				09185D382A0B3E710034280A /* UniUndergroundUITests.swift */,
				09185D3A2A0B3E710034280A /* UniUndergroundUITestsLaunchTests.swift */,
			);
			path = UniUndergroundUITests;
			sourceTree = "<group>";
		};
		092FBD062A0E03A4000A31EE /* Profile */ = {
			isa = PBXGroup;
			children = (
				092FBD072A0E03C6000A31EE /* ProfileViewModel.swift */,
				092FBD092A0E03D3000A31EE /* ProfileView.swift */,
			);
			path = Profile;
			sourceTree = "<group>";
		};
		092FBD0B2A0E11B8000A31EE /* AppManager */ = {
			isa = PBXGroup;
			children = (
				092FBCFB2A0DCC74000A31EE /* FirebaseManager.swift */,
				092FBD0C2A0E11D2000A31EE /* AppStateView.swift */,
				092FBD0E2A0E11EB000A31EE /* AppStateViewModel.swift */,
			);
			path = AppManager;
			sourceTree = "<group>";
		};
		B97A05C22A0C38A300A82B1F /* Communities View Page */ = {
			isa = PBXGroup;
			children = (
				B97A05C32A0C38D900A82B1F /* CommunitiesLandingPage.swift */,
				B97A05CB2A0D221700A82B1F /* CommunitiesDetailView.swift */,
				B97A05C52A0D1D8E00A82B1F /* CommunitiesHome.swift */,
				B97A05CD2A0D27F200A82B1F /* AddCommunityView.swift */,
			);
			path = "Communities View Page";
			sourceTree = "<group>";
		};
		B97A05C72A0D200E00A82B1F /* Communites */ = {
			isa = PBXGroup;
			children = (
				B97A05C82A0D20DC00A82B1F /* Model */,
				B97A05C22A0C38A300A82B1F /* Communities View Page */,
			);
			path = Communites;
			sourceTree = "<group>";
		};
		B97A05C82A0D20DC00A82B1F /* Model */ = {
			isa = PBXGroup;
			children = (
				B97A05CF2A0D332800A82B1F /* Community.geojson */,
				B97A05C92A0D210100A82B1F /* Communities.swift */,
				B97A05D02A0D33E500A82B1F /* CommunitiesList.swift */,
				B97A05D62A0D6A4D00A82B1F /* CommunitiesCommentList.swift */,
			);
			path = Model;
			sourceTree = "<group>";
		};
/* End PBXGroup section */

/* Begin PBXNativeTarget section */
		09185D192A0B3E700034280A /* UniUnderground */ = {
			isa = PBXNativeTarget;
			buildConfigurationList = 09185D3E2A0B3E710034280A /* Build configuration list for PBXNativeTarget "UniUnderground" */;
			buildPhases = (
				09185D162A0B3E700034280A /* Sources */,
				09185D172A0B3E700034280A /* Frameworks */,
				09185D182A0B3E700034280A /* Resources */,
			);
			buildRules = (
			);
			dependencies = (
			);
			name = UniUnderground;
			packageProductDependencies = (
				09185D532A0BE00C0034280A /* FirebaseAnalytics */,
				09185D552A0BE00C0034280A /* FirebaseAnalyticsSwift */,
				09185D572A0BE00C0034280A /* FirebaseAuth */,
				09185D592A0BE00C0034280A /* FirebaseDatabase */,
				09185D5B2A0BE00C0034280A /* FirebaseDatabaseSwift */,
				09185D5D2A0BE00C0034280A /* FirebaseFirestore */,
				09185D5F2A0BE00C0034280A /* FirebaseFirestoreSwift */,
				09185D612A0BE00C0034280A /* FirebaseStorage */,
			);
			productName = UniUnderground;
			productReference = 09185D1A2A0B3E700034280A /* UniUnderground.app */;
			productType = "com.apple.product-type.application";
		};
		09185D292A0B3E710034280A /* UniUndergroundTests */ = {
			isa = PBXNativeTarget;
			buildConfigurationList = 09185D412A0B3E710034280A /* Build configuration list for PBXNativeTarget "UniUndergroundTests" */;
			buildPhases = (
				09185D262A0B3E710034280A /* Sources */,
				09185D272A0B3E710034280A /* Frameworks */,
				09185D282A0B3E710034280A /* Resources */,
			);
			buildRules = (
			);
			dependencies = (
				09185D2C2A0B3E710034280A /* PBXTargetDependency */,
			);
			name = UniUndergroundTests;
			productName = UniUndergroundTests;
			productReference = 09185D2A2A0B3E710034280A /* UniUndergroundTests.xctest */;
			productType = "com.apple.product-type.bundle.unit-test";
		};
		09185D332A0B3E710034280A /* UniUndergroundUITests */ = {
			isa = PBXNativeTarget;
			buildConfigurationList = 09185D442A0B3E710034280A /* Build configuration list for PBXNativeTarget "UniUndergroundUITests" */;
			buildPhases = (
				09185D302A0B3E710034280A /* Sources */,
				09185D312A0B3E710034280A /* Frameworks */,
				09185D322A0B3E710034280A /* Resources */,
			);
			buildRules = (
			);
			dependencies = (
				09185D362A0B3E710034280A /* PBXTargetDependency */,
			);
			name = UniUndergroundUITests;
			productName = UniUndergroundUITests;
			productReference = 09185D342A0B3E710034280A /* UniUndergroundUITests.xctest */;
			productType = "com.apple.product-type.bundle.ui-testing";
		};
/* End PBXNativeTarget section */

/* Begin PBXProject section */
		09185D122A0B3E700034280A /* Project object */ = {
			isa = PBXProject;
			attributes = {
				BuildIndependentTargetsInParallel = 1;
				LastSwiftUpdateCheck = 1420;
				LastUpgradeCheck = 1420;
				TargetAttributes = {
					09185D192A0B3E700034280A = {
						CreatedOnToolsVersion = 14.2;
					};
					09185D292A0B3E710034280A = {
						CreatedOnToolsVersion = 14.2;
						TestTargetID = 09185D192A0B3E700034280A;
					};
					09185D332A0B3E710034280A = {
						CreatedOnToolsVersion = 14.2;
						TestTargetID = 09185D192A0B3E700034280A;
					};
				};
			};
			buildConfigurationList = 09185D152A0B3E700034280A /* Build configuration list for PBXProject "UniUnderground" */;
			compatibilityVersion = "Xcode 14.0";
			developmentRegion = en;
			hasScannedForEncodings = 0;
			knownRegions = (
				en,
				Base,
			);
			mainGroup = 09185D112A0B3E700034280A;
			packageReferences = (
				09185D522A0BE00C0034280A /* XCRemoteSwiftPackageReference "firebase-ios-sdk" */,
			);
			productRefGroup = 09185D1B2A0B3E700034280A /* Products */;
			projectDirPath = "";
			projectRoot = "";
			targets = (
				09185D192A0B3E700034280A /* UniUnderground */,
				09185D292A0B3E710034280A /* UniUndergroundTests */,
				09185D332A0B3E710034280A /* UniUndergroundUITests */,
			);
		};
/* End PBXProject section */

/* Begin PBXResourcesBuildPhase section */
		09185D182A0B3E700034280A /* Resources */ = {
			isa = PBXResourcesBuildPhase;
			buildActionMask = 2147483647;
			files = (
				091261262A0C088B007095F2 /* Inter-SemiBold.ttf in Resources */,
				09185D252A0B3E710034280A /* Preview Assets.xcassets in Resources */,
				092FBD022A0DE3E1000A31EE /* GoogleService-Info.plist in Resources */,
				091261252A0C088B007095F2 /* Inter-Regular.ttf in Resources */,
				091261272A0C088B007095F2 /* Inter-Bold.ttf in Resources */,
				091261282A0C088B007095F2 /* Inter-Medium.ttf in Resources */,
				091261202A0C0765007095F2 /* InriaSerif-Regular.ttf in Resources */,
				0912611B2A0C03A9007095F2 /* Kavoon-Regular.ttf in Resources */,
				09185D222A0B3E710034280A /* Assets.xcassets in Resources */,
			);
			runOnlyForDeploymentPostprocessing = 0;
		};
		09185D282A0B3E710034280A /* Resources */ = {
			isa = PBXResourcesBuildPhase;
			buildActionMask = 2147483647;
			files = (
			);
			runOnlyForDeploymentPostprocessing = 0;
		};
		09185D322A0B3E710034280A /* Resources */ = {
			isa = PBXResourcesBuildPhase;
			buildActionMask = 2147483647;
			files = (
			);
			runOnlyForDeploymentPostprocessing = 0;
		};
/* End PBXResourcesBuildPhase section */

/* Begin PBXSourcesBuildPhase section */
		09185D162A0B3E700034280A /* Sources */ = {
			isa = PBXSourcesBuildPhase;
			buildActionMask = 2147483647;
			files = (
				092FBCFC2A0DCC74000A31EE /* FirebaseManager.swift in Sources */,
				B97A05D72A0D6A4D00A82B1F /* CommunitiesCommentList.swift in Sources */,
				B97A05C62A0D1D8E00A82B1F /* CommunitiesHome.swift in Sources */,
				B97A05CA2A0D210100A82B1F /* Communities.swift in Sources */,
				B97A05CE2A0D27F200A82B1F /* AddCommunityView.swift in Sources */,
				091261182A0BE8CA007095F2 /* LoginView.swift in Sources */,
				092FBD0D2A0E11D2000A31EE /* AppStateView.swift in Sources */,
				092FBD002A0DDFAF000A31EE /* SchoolViewModel.swift in Sources */,
				092FBCFE2A0DCCB2000A31EE /* LoginViewModel.swift in Sources */,
				0912611E2A0C0466007095F2 /* SelectSchools.swift in Sources */,
				09185D202A0B3E700034280A /* ContentView.swift in Sources */,
				092FBD0A2A0E03D3000A31EE /* ProfileView.swift in Sources */,
				092FBD0F2A0E11EB000A31EE /* AppStateViewModel.swift in Sources */,
				09185D1E2A0B3E700034280A /* UniUndergroundApp.swift in Sources */,
				092FBD052A0DFC13000A31EE /* ColorExtension.swift in Sources */,
				B97A05C42A0C38D900A82B1F /* CommunitiesLandingPage.swift in Sources */,
				092FBD082A0E03C6000A31EE /* ProfileViewModel.swift in Sources */,
				B97A05CC2A0D221700A82B1F /* CommunitiesDetailView.swift in Sources */,
				0912612A2A0C1DB0007095F2 /* NewIView.swift in Sources */,
				B97A05D12A0D33E500A82B1F /* CommunitiesList.swift in Sources */,
			);
			runOnlyForDeploymentPostprocessing = 0;
		};
		09185D262A0B3E710034280A /* Sources */ = {
			isa = PBXSourcesBuildPhase;
			buildActionMask = 2147483647;
			files = (
				09185D2F2A0B3E710034280A /* UniUndergroundTests.swift in Sources */,
			);
			runOnlyForDeploymentPostprocessing = 0;
		};
		09185D302A0B3E710034280A /* Sources */ = {
			isa = PBXSourcesBuildPhase;
			buildActionMask = 2147483647;
			files = (
				09185D392A0B3E710034280A /* UniUndergroundUITests.swift in Sources */,
				09185D3B2A0B3E710034280A /* UniUndergroundUITestsLaunchTests.swift in Sources */,
			);
			runOnlyForDeploymentPostprocessing = 0;
		};
/* End PBXSourcesBuildPhase section */

/* Begin PBXTargetDependency section */
		09185D2C2A0B3E710034280A /* PBXTargetDependency */ = {
			isa = PBXTargetDependency;
			target = 09185D192A0B3E700034280A /* UniUnderground */;
			targetProxy = 09185D2B2A0B3E710034280A /* PBXContainerItemProxy */;
		};
		09185D362A0B3E710034280A /* PBXTargetDependency */ = {
			isa = PBXTargetDependency;
			target = 09185D192A0B3E700034280A /* UniUnderground */;
			targetProxy = 09185D352A0B3E710034280A /* PBXContainerItemProxy */;
		};
/* End PBXTargetDependency section */

/* Begin XCBuildConfiguration section */
		09185D3C2A0B3E710034280A /* Debug */ = {
			isa = XCBuildConfiguration;
			buildSettings = {
				ALWAYS_SEARCH_USER_PATHS = NO;
				CLANG_ANALYZER_NONNULL = YES;
				CLANG_ANALYZER_NUMBER_OBJECT_CONVERSION = YES_AGGRESSIVE;
				CLANG_CXX_LANGUAGE_STANDARD = "gnu++20";
				CLANG_ENABLE_MODULES = YES;
				CLANG_ENABLE_OBJC_ARC = YES;
				CLANG_ENABLE_OBJC_WEAK = YES;
				CLANG_WARN_BLOCK_CAPTURE_AUTORELEASING = YES;
				CLANG_WARN_BOOL_CONVERSION = YES;
				CLANG_WARN_COMMA = YES;
				CLANG_WARN_CONSTANT_CONVERSION = YES;
				CLANG_WARN_DEPRECATED_OBJC_IMPLEMENTATIONS = YES;
				CLANG_WARN_DIRECT_OBJC_ISA_USAGE = YES_ERROR;
				CLANG_WARN_DOCUMENTATION_COMMENTS = YES;
				CLANG_WARN_EMPTY_BODY = YES;
				CLANG_WARN_ENUM_CONVERSION = YES;
				CLANG_WARN_INFINITE_RECURSION = YES;
				CLANG_WARN_INT_CONVERSION = YES;
				CLANG_WARN_NON_LITERAL_NULL_CONVERSION = YES;
				CLANG_WARN_OBJC_IMPLICIT_RETAIN_SELF = YES;
				CLANG_WARN_OBJC_LITERAL_CONVERSION = YES;
				CLANG_WARN_OBJC_ROOT_CLASS = YES_ERROR;
				CLANG_WARN_QUOTED_INCLUDE_IN_FRAMEWORK_HEADER = YES;
				CLANG_WARN_RANGE_LOOP_ANALYSIS = YES;
				CLANG_WARN_STRICT_PROTOTYPES = YES;
				CLANG_WARN_SUSPICIOUS_MOVE = YES;
				CLANG_WARN_UNGUARDED_AVAILABILITY = YES_AGGRESSIVE;
				CLANG_WARN_UNREACHABLE_CODE = YES;
				CLANG_WARN__DUPLICATE_METHOD_MATCH = YES;
				COPY_PHASE_STRIP = NO;
				DEBUG_INFORMATION_FORMAT = dwarf;
				ENABLE_STRICT_OBJC_MSGSEND = YES;
				ENABLE_TESTABILITY = YES;
				GCC_C_LANGUAGE_STANDARD = gnu11;
				GCC_DYNAMIC_NO_PIC = NO;
				GCC_NO_COMMON_BLOCKS = YES;
				GCC_OPTIMIZATION_LEVEL = 0;
				GCC_PREPROCESSOR_DEFINITIONS = (
					"DEBUG=1",
					"$(inherited)",
				);
				GCC_WARN_64_TO_32_BIT_CONVERSION = YES;
				GCC_WARN_ABOUT_RETURN_TYPE = YES_ERROR;
				GCC_WARN_UNDECLARED_SELECTOR = YES;
				GCC_WARN_UNINITIALIZED_AUTOS = YES_AGGRESSIVE;
				GCC_WARN_UNUSED_FUNCTION = YES;
				GCC_WARN_UNUSED_VARIABLE = YES;
				IPHONEOS_DEPLOYMENT_TARGET = 16.2;
				MTL_ENABLE_DEBUG_INFO = INCLUDE_SOURCE;
				MTL_FAST_MATH = YES;
				ONLY_ACTIVE_ARCH = YES;
				SDKROOT = iphoneos;
				SWIFT_ACTIVE_COMPILATION_CONDITIONS = DEBUG;
				SWIFT_OPTIMIZATION_LEVEL = "-Onone";
			};
			name = Debug;
		};
		09185D3D2A0B3E710034280A /* Release */ = {
			isa = XCBuildConfiguration;
			buildSettings = {
				ALWAYS_SEARCH_USER_PATHS = NO;
				CLANG_ANALYZER_NONNULL = YES;
				CLANG_ANALYZER_NUMBER_OBJECT_CONVERSION = YES_AGGRESSIVE;
				CLANG_CXX_LANGUAGE_STANDARD = "gnu++20";
				CLANG_ENABLE_MODULES = YES;
				CLANG_ENABLE_OBJC_ARC = YES;
				CLANG_ENABLE_OBJC_WEAK = YES;
				CLANG_WARN_BLOCK_CAPTURE_AUTORELEASING = YES;
				CLANG_WARN_BOOL_CONVERSION = YES;
				CLANG_WARN_COMMA = YES;
				CLANG_WARN_CONSTANT_CONVERSION = YES;
				CLANG_WARN_DEPRECATED_OBJC_IMPLEMENTATIONS = YES;
				CLANG_WARN_DIRECT_OBJC_ISA_USAGE = YES_ERROR;
				CLANG_WARN_DOCUMENTATION_COMMENTS = YES;
				CLANG_WARN_EMPTY_BODY = YES;
				CLANG_WARN_ENUM_CONVERSION = YES;
				CLANG_WARN_INFINITE_RECURSION = YES;
				CLANG_WARN_INT_CONVERSION = YES;
				CLANG_WARN_NON_LITERAL_NULL_CONVERSION = YES;
				CLANG_WARN_OBJC_IMPLICIT_RETAIN_SELF = YES;
				CLANG_WARN_OBJC_LITERAL_CONVERSION = YES;
				CLANG_WARN_OBJC_ROOT_CLASS = YES_ERROR;
				CLANG_WARN_QUOTED_INCLUDE_IN_FRAMEWORK_HEADER = YES;
				CLANG_WARN_RANGE_LOOP_ANALYSIS = YES;
				CLANG_WARN_STRICT_PROTOTYPES = YES;
				CLANG_WARN_SUSPICIOUS_MOVE = YES;
				CLANG_WARN_UNGUARDED_AVAILABILITY = YES_AGGRESSIVE;
				CLANG_WARN_UNREACHABLE_CODE = YES;
				CLANG_WARN__DUPLICATE_METHOD_MATCH = YES;
				COPY_PHASE_STRIP = NO;
				DEBUG_INFORMATION_FORMAT = "dwarf-with-dsym";
				ENABLE_NS_ASSERTIONS = NO;
				ENABLE_STRICT_OBJC_MSGSEND = YES;
				GCC_C_LANGUAGE_STANDARD = gnu11;
				GCC_NO_COMMON_BLOCKS = YES;
				GCC_WARN_64_TO_32_BIT_CONVERSION = YES;
				GCC_WARN_ABOUT_RETURN_TYPE = YES_ERROR;
				GCC_WARN_UNDECLARED_SELECTOR = YES;
				GCC_WARN_UNINITIALIZED_AUTOS = YES_AGGRESSIVE;
				GCC_WARN_UNUSED_FUNCTION = YES;
				GCC_WARN_UNUSED_VARIABLE = YES;
				IPHONEOS_DEPLOYMENT_TARGET = 16.2;
				MTL_ENABLE_DEBUG_INFO = NO;
				MTL_FAST_MATH = YES;
				SDKROOT = iphoneos;
				SWIFT_COMPILATION_MODE = wholemodule;
				SWIFT_OPTIMIZATION_LEVEL = "-O";
				VALIDATE_PRODUCT = YES;
			};
			name = Release;
		};
		09185D3F2A0B3E710034280A /* Debug */ = {
			isa = XCBuildConfiguration;
			buildSettings = {
				ASSETCATALOG_COMPILER_APPICON_NAME = AppIcon;
				ASSETCATALOG_COMPILER_GLOBAL_ACCENT_COLOR_NAME = AccentColor;
				ASSETCATALOG_COMPILER_INCLUDE_ALL_APPICON_ASSETS = NO;
				CODE_SIGN_STYLE = Automatic;
				CURRENT_PROJECT_VERSION = 1;
				DEVELOPMENT_ASSET_PATHS = "\"UniUnderground/Preview Content\"";
				DEVELOPMENT_TEAM = FKV8TK35V9;
				ENABLE_PREVIEWS = YES;
				GENERATE_INFOPLIST_FILE = YES;
				INFOPLIST_FILE = UniUnderground/Info.plist;
				INFOPLIST_KEY_UIApplicationSceneManifest_Generation = YES;
				INFOPLIST_KEY_UIApplicationSupportsIndirectInputEvents = YES;
				INFOPLIST_KEY_UISupportedInterfaceOrientations_iPad = "UIInterfaceOrientationPortrait UIInterfaceOrientationPortraitUpsideDown UIInterfaceOrientationLandscapeLeft UIInterfaceOrientationLandscapeRight";
				INFOPLIST_KEY_UISupportedInterfaceOrientations_iPhone = "UIInterfaceOrientationPortrait UIInterfaceOrientationLandscapeLeft UIInterfaceOrientationLandscapeRight";
				LD_RUNPATH_SEARCH_PATHS = (
					"$(inherited)",
					"@executable_path/Frameworks",
				);
				MARKETING_VERSION = 1.0;
				PRODUCT_BUNDLE_IDENTIFIER = com.gurunexus.UniUnderground;
				PRODUCT_NAME = "$(TARGET_NAME)";
				SWIFT_EMIT_LOC_STRINGS = YES;
				SWIFT_VERSION = 5.0;
				TARGETED_DEVICE_FAMILY = "1,2";
			};
			name = Debug;
		};
		09185D402A0B3E710034280A /* Release */ = {
			isa = XCBuildConfiguration;
			buildSettings = {
				ASSETCATALOG_COMPILER_APPICON_NAME = AppIcon;
				ASSETCATALOG_COMPILER_GLOBAL_ACCENT_COLOR_NAME = AccentColor;
				ASSETCATALOG_COMPILER_INCLUDE_ALL_APPICON_ASSETS = NO;
				CODE_SIGN_STYLE = Automatic;
				CURRENT_PROJECT_VERSION = 1;
				DEVELOPMENT_ASSET_PATHS = "\"UniUnderground/Preview Content\"";
				DEVELOPMENT_TEAM = FKV8TK35V9;
				ENABLE_PREVIEWS = YES;
				GENERATE_INFOPLIST_FILE = YES;
				INFOPLIST_FILE = UniUnderground/Info.plist;
				INFOPLIST_KEY_UIApplicationSceneManifest_Generation = YES;
				INFOPLIST_KEY_UIApplicationSupportsIndirectInputEvents = YES;
				INFOPLIST_KEY_UISupportedInterfaceOrientations_iPad = "UIInterfaceOrientationPortrait UIInterfaceOrientationPortraitUpsideDown UIInterfaceOrientationLandscapeLeft UIInterfaceOrientationLandscapeRight";
				INFOPLIST_KEY_UISupportedInterfaceOrientations_iPhone = "UIInterfaceOrientationPortrait UIInterfaceOrientationLandscapeLeft UIInterfaceOrientationLandscapeRight";
				LD_RUNPATH_SEARCH_PATHS = (
					"$(inherited)",
					"@executable_path/Frameworks",
				);
				MARKETING_VERSION = 1.0;
				PRODUCT_BUNDLE_IDENTIFIER = com.gurunexus.UniUnderground;
				PRODUCT_NAME = "$(TARGET_NAME)";
				SWIFT_EMIT_LOC_STRINGS = YES;
				SWIFT_VERSION = 5.0;
				TARGETED_DEVICE_FAMILY = "1,2";
			};
			name = Release;
		};
		09185D422A0B3E710034280A /* Debug */ = {
			isa = XCBuildConfiguration;
			buildSettings = {
				ALWAYS_EMBED_SWIFT_STANDARD_LIBRARIES = YES;
				BUNDLE_LOADER = "$(TEST_HOST)";
				CODE_SIGN_STYLE = Automatic;
				CURRENT_PROJECT_VERSION = 1;
				DEVELOPMENT_TEAM = GC375RV42S;
				GENERATE_INFOPLIST_FILE = YES;
				IPHONEOS_DEPLOYMENT_TARGET = 16.2;
				MARKETING_VERSION = 1.0;
				PRODUCT_BUNDLE_IDENTIFIER = com.gurunexus.UniUndergroundTests;
				PRODUCT_NAME = "$(TARGET_NAME)";
				SWIFT_EMIT_LOC_STRINGS = NO;
				SWIFT_VERSION = 5.0;
				TARGETED_DEVICE_FAMILY = "1,2";
				TEST_HOST = "$(BUILT_PRODUCTS_DIR)/UniUnderground.app/$(BUNDLE_EXECUTABLE_FOLDER_PATH)/UniUnderground";
			};
			name = Debug;
		};
		09185D432A0B3E710034280A /* Release */ = {
			isa = XCBuildConfiguration;
			buildSettings = {
				ALWAYS_EMBED_SWIFT_STANDARD_LIBRARIES = YES;
				BUNDLE_LOADER = "$(TEST_HOST)";
				CODE_SIGN_STYLE = Automatic;
				CURRENT_PROJECT_VERSION = 1;
				DEVELOPMENT_TEAM = GC375RV42S;
				GENERATE_INFOPLIST_FILE = YES;
				IPHONEOS_DEPLOYMENT_TARGET = 16.2;
				MARKETING_VERSION = 1.0;
				PRODUCT_BUNDLE_IDENTIFIER = com.gurunexus.UniUndergroundTests;
				PRODUCT_NAME = "$(TARGET_NAME)";
				SWIFT_EMIT_LOC_STRINGS = NO;
				SWIFT_VERSION = 5.0;
				TARGETED_DEVICE_FAMILY = "1,2";
				TEST_HOST = "$(BUILT_PRODUCTS_DIR)/UniUnderground.app/$(BUNDLE_EXECUTABLE_FOLDER_PATH)/UniUnderground";
			};
			name = Release;
		};
		09185D452A0B3E710034280A /* Debug */ = {
			isa = XCBuildConfiguration;
			buildSettings = {
				ALWAYS_EMBED_SWIFT_STANDARD_LIBRARIES = YES;
				CODE_SIGN_STYLE = Automatic;
				CURRENT_PROJECT_VERSION = 1;
				DEVELOPMENT_TEAM = GC375RV42S;
				GENERATE_INFOPLIST_FILE = YES;
				MARKETING_VERSION = 1.0;
				PRODUCT_BUNDLE_IDENTIFIER = com.gurunexus.UniUndergroundUITests;
				PRODUCT_NAME = "$(TARGET_NAME)";
				SWIFT_EMIT_LOC_STRINGS = NO;
				SWIFT_VERSION = 5.0;
				TARGETED_DEVICE_FAMILY = "1,2";
				TEST_TARGET_NAME = UniUnderground;
			};
			name = Debug;
		};
		09185D462A0B3E710034280A /* Release */ = {
			isa = XCBuildConfiguration;
			buildSettings = {
				ALWAYS_EMBED_SWIFT_STANDARD_LIBRARIES = YES;
				CODE_SIGN_STYLE = Automatic;
				CURRENT_PROJECT_VERSION = 1;
				DEVELOPMENT_TEAM = GC375RV42S;
				GENERATE_INFOPLIST_FILE = YES;
				MARKETING_VERSION = 1.0;
				PRODUCT_BUNDLE_IDENTIFIER = com.gurunexus.UniUndergroundUITests;
				PRODUCT_NAME = "$(TARGET_NAME)";
				SWIFT_EMIT_LOC_STRINGS = NO;
				SWIFT_VERSION = 5.0;
				TARGETED_DEVICE_FAMILY = "1,2";
				TEST_TARGET_NAME = UniUnderground;
			};
			name = Release;
		};
/* End XCBuildConfiguration section */

/* Begin XCConfigurationList section */
		09185D152A0B3E700034280A /* Build configuration list for PBXProject "UniUnderground" */ = {
			isa = XCConfigurationList;
			buildConfigurations = (
				09185D3C2A0B3E710034280A /* Debug */,
				09185D3D2A0B3E710034280A /* Release */,
			);
			defaultConfigurationIsVisible = 0;
			defaultConfigurationName = Release;
		};
		09185D3E2A0B3E710034280A /* Build configuration list for PBXNativeTarget "UniUnderground" */ = {
			isa = XCConfigurationList;
			buildConfigurations = (
				09185D3F2A0B3E710034280A /* Debug */,
				09185D402A0B3E710034280A /* Release */,
			);
			defaultConfigurationIsVisible = 0;
			defaultConfigurationName = Release;
		};
		09185D412A0B3E710034280A /* Build configuration list for PBXNativeTarget "UniUndergroundTests" */ = {
			isa = XCConfigurationList;
			buildConfigurations = (
				09185D422A0B3E710034280A /* Debug */,
				09185D432A0B3E710034280A /* Release */,
			);
			defaultConfigurationIsVisible = 0;
			defaultConfigurationName = Release;
		};
		09185D442A0B3E710034280A /* Build configuration list for PBXNativeTarget "UniUndergroundUITests" */ = {
			isa = XCConfigurationList;
			buildConfigurations = (
				09185D452A0B3E710034280A /* Debug */,
				09185D462A0B3E710034280A /* Release */,
			);
			defaultConfigurationIsVisible = 0;
			defaultConfigurationName = Release;
		};
/* End XCConfigurationList section */

/* Begin XCRemoteSwiftPackageReference section */
		09185D522A0BE00C0034280A /* XCRemoteSwiftPackageReference "firebase-ios-sdk" */ = {
			isa = XCRemoteSwiftPackageReference;
			repositoryURL = "https://github.com/firebase/firebase-ios-sdk";
			requirement = {
				kind = upToNextMajorVersion;
				minimumVersion = 9.0.0;
			};
		};
/* End XCRemoteSwiftPackageReference section */

/* Begin XCSwiftPackageProductDependency section */
		09185D532A0BE00C0034280A /* FirebaseAnalytics */ = {
			isa = XCSwiftPackageProductDependency;
			package = 09185D522A0BE00C0034280A /* XCRemoteSwiftPackageReference "firebase-ios-sdk" */;
			productName = FirebaseAnalytics;
		};
		09185D552A0BE00C0034280A /* FirebaseAnalyticsSwift */ = {
			isa = XCSwiftPackageProductDependency;
			package = 09185D522A0BE00C0034280A /* XCRemoteSwiftPackageReference "firebase-ios-sdk" */;
			productName = FirebaseAnalyticsSwift;
		};
		09185D572A0BE00C0034280A /* FirebaseAuth */ = {
			isa = XCSwiftPackageProductDependency;
			package = 09185D522A0BE00C0034280A /* XCRemoteSwiftPackageReference "firebase-ios-sdk" */;
			productName = FirebaseAuth;
		};
		09185D592A0BE00C0034280A /* FirebaseDatabase */ = {
			isa = XCSwiftPackageProductDependency;
			package = 09185D522A0BE00C0034280A /* XCRemoteSwiftPackageReference "firebase-ios-sdk" */;
			productName = FirebaseDatabase;
		};
		09185D5B2A0BE00C0034280A /* FirebaseDatabaseSwift */ = {
			isa = XCSwiftPackageProductDependency;
			package = 09185D522A0BE00C0034280A /* XCRemoteSwiftPackageReference "firebase-ios-sdk" */;
			productName = FirebaseDatabaseSwift;
		};
		09185D5D2A0BE00C0034280A /* FirebaseFirestore */ = {
			isa = XCSwiftPackageProductDependency;
			package = 09185D522A0BE00C0034280A /* XCRemoteSwiftPackageReference "firebase-ios-sdk" */;
			productName = FirebaseFirestore;
		};
		09185D5F2A0BE00C0034280A /* FirebaseFirestoreSwift */ = {
			isa = XCSwiftPackageProductDependency;
			package = 09185D522A0BE00C0034280A /* XCRemoteSwiftPackageReference "firebase-ios-sdk" */;
			productName = FirebaseFirestoreSwift;
		};
		09185D612A0BE00C0034280A /* FirebaseStorage */ = {
			isa = XCSwiftPackageProductDependency;
			package = 09185D522A0BE00C0034280A /* XCRemoteSwiftPackageReference "firebase-ios-sdk" */;
			productName = FirebaseStorage;
		};
/* End XCSwiftPackageProductDependency section */
	};
	rootObject = 09185D122A0B3E700034280A /* Project object */;
}
